{
  "version": 4,
  "terraform_version": "1.6.6",
  "serial": 8,
  "lineage": "72949eb9-8212-9862-2cb0-1d93a81a107a",
  "outputs": {},
  "resources": [
    {
      "module": "module.alert_policy",
      "mode": "managed",
      "type": "newrelic_alert_policy",
      "name": "my-policy",
      "provider": "module.alert_policy.provider[\"registry.terraform.io/newrelic/newrelic\"]",
      "instances": [
        {
          "schema_version": 0,
          "attributes": {
            "account_id": 4438269,
            "channel_ids": null,
            "id": "5303150",
            "incident_preference": "PER_POLICY",
            "name": "my-policy"
          },
          "sensitive_attributes": [],
          "private": "bnVsbA=="
        }
      ]
    },
    {
      "module": "module.alert_policy",
      "mode": "managed",
      "type": "newrelic_nrql_alert_condition",
      "name": "my-conditions",
      "provider": "module.alert_policy.provider[\"registry.terraform.io/newrelic/newrelic\"]",
      "instances": [
        {
          "schema_version": 0,
          "attributes": {
            "account_id": 4438269,
            "aggregation_delay": "120",
            "aggregation_method": "event_flow",
            "aggregation_timer": null,
            "aggregation_window": 60,
            "baseline_direction": null,
            "close_violations_on_expiration": true,
            "critical": [
              {
                "duration": 0,
                "operator": "above",
                "threshold": 5.5,
                "threshold_duration": 300,
                "threshold_occurrences": "all",
                "time_function": ""
              }
            ],
            "description": "Alert when transactions are taking too long",
            "enabled": true,
            "entity_guid": "NDQzODI2OXxBSU9QU3xDT05ESVRJT058NDE1MDU1NjM",
            "evaluation_delay": null,
            "expiration_duration": 120,
            "fill_option": "static",
            "fill_value": 1,
            "id": "5303150:41505563",
            "name": "divpreet-conditions",
            "nrql": [
              {
                "evaluation_offset": 0,
                "query": "SELECT average(cpuPercent) FROM SystemSample",
                "since_value": ""
              }
            ],
            "open_violation_on_expiration": true,
            "policy_id": 5303150,
            "runbook_url": "https://www.example.com",
            "slide_by": 30,
            "term": [],
            "timeouts": null,
            "type": "static",
            "violation_time_limit": "ONE_HOUR",
            "violation_time_limit_seconds": 3600,
            "warning": [
              {
                "duration": 0,
                "operator": "above",
                "threshold": 3.5,
                "threshold_duration": 600,
                "threshold_occurrences": "all",
                "time_function": ""
              }
            ]
          },
          "sensitive_attributes": [],
          "private": "eyJlMmJmYjczMC1lY2FhLTExZTYtOGY4OC0zNDM2M2JjN2M0YzAiOnsiY3JlYXRlIjozMDAwMDAwMDAwMH19",
          "dependencies": [
            "module.alert_policy.newrelic_alert_policy.my-policy"
          ]
        }
      ]
    },
    {
      "module": "module.one_dashboard",
      "mode": "managed",
      "type": "newrelic_one_dashboard",
      "name": "demo-dashboard",
      "provider": "module.one_dashboard.provider[\"registry.terraform.io/newrelic/newrelic\"]",
      "instances": [
        {
          "schema_version": 0,
          "attributes": {
            "account_id": 4438269,
            "description": null,
            "guid": "NDQzODI2OXxWSVp8REFTSEJPQVJEfGRhOjYwMDg2ODU",
            "id": "NDQzODI2OXxWSVp8REFTSEJPQVJEfGRhOjYwMDg2ODU",
            "name": "EX-Dashboard",
            "page": [
              {
                "description": "",
                "guid": "NDQzODI2OXxWSVp8REFTSEJPQVJEfDE3NDQyNjUy",
                "name": "New Relic Terraform Example",
                "widget_area": [],
                "widget_bar": [
                  {
                    "colors": [],
                    "column": 7,
                    "facet_show_other_series": false,
                    "filter_current_dashboard": false,
                    "height": 3,
                    "id": "246621530",
                    "ignore_time_range": false,
                    "legend_enabled": true,
                    "linked_entity_guids": [],
                    "nrql_query": [
                      {
                        "account_id": 4438269,
                        "query": "SELECT average(loadAverageOneMinute) AS `1 minute`, average(loadAverageFiveMinute) AS `5 minutes`, average(loadAverageFifteenMinute) AS `15 minutes` FROM SystemSample WHERE (entityGuid = 'NDQzODI2OXxJTkZSQXxOQXwzOTcxNDkwMTI2NDYwNzQ1NQ') TIMESERIES AUTO SINCE 30 minutes ago UNTIL now"
                      }
                    ],
                    "null_values": [],
                    "row": 1,
                    "title": "Average transaction duration, by application",
                    "units": [],
                    "width": 6,
                    "y_axis_left_max": 0,
                    "y_axis_left_min": 0
                  },
                  {
                    "colors": [
                      {
                        "color": "#722727",
                        "series_overrides": [
                          {
                            "color": "#722322",
                            "series_name": "Node"
                          },
                          {
                            "color": "#236f70",
                            "series_name": "Java"
                          }
                        ]
                      }
                    ],
                    "column": 1,
                    "facet_show_other_series": false,
                    "filter_current_dashboard": true,
                    "height": 3,
                    "id": "246621531",
                    "ignore_time_range": false,
                    "legend_enabled": true,
                    "linked_entity_guids": [
                      "NDQzODI2OXxWSVp8REFTSEJPQVJEfDE3NDQyNjUy"
                    ],
                    "nrql_query": [
                      {
                        "account_id": 4438269,
                        "query": "SELECT average(cpuPercent) AS `CPU used %` FROM SystemSample WHERE (entityGuid = 'NDQzODI2OXxJTkZSQXxOQXwzOTcxNDkwMTI2NDYwNzQ1NQ') TIMESERIES AUTO SINCE 30 minutes ago UNTIL now"
                      }
                    ],
                    "null_values": [],
                    "row": 4,
                    "title": "Average transaction duration, by application",
                    "units": [],
                    "width": 6,
                    "y_axis_left_max": 0,
                    "y_axis_left_min": 0
                  }
                ],
                "widget_billboard": [
                  {
                    "colors": [],
                    "column": 1,
                    "critical": "",
                    "facet_show_other_series": false,
                    "height": 3,
                    "id": "246621532",
                    "ignore_time_range": false,
                    "legend_enabled": true,
                    "nrql_query": [
                      {
                        "account_id": 4438269,
                        "query": "FROM Transaction SELECT rate(count(*), 1 minute)"
                      }
                    ],
                    "null_values": [],
                    "row": 1,
                    "title": "Requests per minute",
                    "units": [],
                    "warning": "",
                    "width": 6,
                    "y_axis_left_max": 0,
                    "y_axis_left_min": 0
                  }
                ],
                "widget_bullet": [],
                "widget_funnel": [],
                "widget_heatmap": [],
                "widget_histogram": [],
                "widget_json": [],
                "widget_line": [
                  {
                    "colors": [],
                    "column": 5,
                    "facet_show_other_series": false,
                    "height": 3,
                    "id": "246621534",
                    "ignore_time_range": false,
                    "legend_enabled": true,
                    "nrql_query": [
                      {
                        "account_id": 4438269,
                        "query": "SELECT average(cpuSystemPercent), average(cpuUserPercent), average(cpuIdlePercent), average(cpuIOWaitPercent) FROM SystemSample  SINCE 1 hour ago TIMESERIES\r\n"
                      }
                    ],
                    "null_values": [
                      {
                        "null_value": "default",
                        "series_overrides": [
                          {
                            "null_value": "remove",
                            "series_name": "Avg Cpu User Percent"
                          },
                          {
                            "null_value": "zero",
                            "series_name": "Avg Cpu Idle Percent"
                          },
                          {
                            "null_value": "default",
                            "series_name": "Avg Cpu IO Wait Percent"
                          },
                          {
                            "null_value": "preserve",
                            "series_name": "Avg Cpu System Percent"
                          }
                        ]
                      }
                    ],
                    "row": 1,
                    "title": "Overall CPU % Statistics",
                    "units": [],
                    "width": 4,
                    "y_axis_left_max": 0,
                    "y_axis_left_min": 0,
                    "y_axis_left_zero": true
                  },
                  {
                    "colors": [],
                    "column": 7,
                    "facet_show_other_series": false,
                    "height": 3,
                    "id": "246621533",
                    "ignore_time_range": false,
                    "legend_enabled": true,
                    "nrql_query": [
                      {
                        "account_id": 4438269,
                        "query": "SELECT average(cpuPercent) AS `CPU used %` FROM SystemSample WHERE (entityGuid = 'NDQzODI2OXxJTkZSQXxOQXwzOTcxNDkwMTI2NDYwNzQ1NQ') TIMESERIES AUTO SINCE 30 minutes ago UNTIL now"
                      },
                      {
                        "account_id": 4438269,
                        "query": "FROM Transaction SELECT rate(count(*), 1 minute)"
                      }
                    ],
                    "null_values": [],
                    "row": 4,
                    "title": "Average transaction duration and the request per minute, by application",
                    "units": [
                      {
                        "series_overrides": [
                          {
                            "series_name": "max duration",
                            "unit": "ms"
                          }
                        ],
                        "unit": "ms"
                      }
                    ],
                    "width": 6,
                    "y_axis_left_max": 1,
                    "y_axis_left_min": 0,
                    "y_axis_left_zero": true
                  }
                ],
                "widget_log_table": [],
                "widget_markdown": [
                  {
                    "colors": [],
                    "column": 1,
                    "facet_show_other_series": false,
                    "height": 3,
                    "id": "246621535",
                    "ignore_time_range": false,
                    "legend_enabled": true,
                    "null_values": [],
                    "row": 7,
                    "text": "### Helpful Links\n\n* [New Relic One](https://one.newrelic.com)\n* [Developer Portal](https://developer.newrelic.com)",
                    "title": "Dashboard Note",
                    "units": [],
                    "width": 12,
                    "y_axis_left_max": 0,
                    "y_axis_left_min": 0
                  }
                ],
                "widget_pie": [],
                "widget_stacked_bar": [],
                "widget_table": []
              }
            ],
            "permalink": "https://one.newrelic.com/redirect/entity/NDQzODI2OXxWSVp8REFTSEJPQVJEfGRhOjYwMDg2ODU",
            "permissions": "public_read_only",
            "variable": [
              {
                "default_values": [
                  "value"
                ],
                "is_multi_selection": true,
                "item": [
                  {
                    "title": "item",
                    "value": "ITEM"
                  }
                ],
                "name": "variable",
                "nrql_query": [
                  {
                    "account_ids": [
                      4438269
                    ],
                    "query": "SELECT average(cpuPercent) AS `CPU used %` FROM SystemSample WHERE (entityGuid = 'NDQzODI2OXxJTkZSQXxOQXwzOTcxNDkwMTI2NDYwNzQ1NQ') TIMESERIES AUTO SINCE 30 minutes ago UNTIL now"
                  }
                ],
                "options": [],
                "replacement_strategy": "default",
                "title": "title",
                "type": "nrql"
              }
            ]
          },
          "sensitive_attributes": [],
          "private": "bnVsbA=="
        }
      ]
    }
  ],
  "check_results": null
}
